// !$*UTF8*$!
{
	archiveVersion = 1;
	classes = {
	};
	objectVersion = 50;
	objects = {

/* Begin PBXBuildFile section */
		2C034E2F2269E1970073B457 /* AppDelegate.swift in Sources */ = {isa = PBXBuildFile; fileRef = 2C034E2E2269E1970073B457 /* AppDelegate.swift */; };
		2C034E312269E1970073B457 /* ViewController.swift in Sources */ = {isa = PBXBuildFile; fileRef = 2C034E302269E1970073B457 /* ViewController.swift */; };
		2C034E332269E1980073B457 /* Assets.xcassets in Resources */ = {isa = PBXBuildFile; fileRef = 2C034E322269E1980073B457 /* Assets.xcassets */; };
		2C034E362269E1980073B457 /* Main.storyboard in Resources */ = {isa = PBXBuildFile; fileRef = 2C034E342269E1980073B457 /* Main.storyboard */; };
		56225AE125D1307300A8FFA4 /* Enums.swift in Sources */ = {isa = PBXBuildFile; fileRef = 56225AE025D1307300A8FFA4 /* Enums.swift */; };
		F7C71AA9259A19DF00411232 /* Constants.swift in Sources */ = {isa = PBXBuildFile; fileRef = F7C71AA8259A19DF00411232 /* Constants.swift */; };
/* End PBXBuildFile section */

/* Begin PBXFileReference section */
		2C034E2B2269E1970073B457 /* MacOs_JsonToDataBase.app */ = {isa = PBXFileReference; explicitFileType = wrapper.application; includeInIndex = 0; path = MacOs_JsonToDataBase.app; sourceTree = BUILT_PRODUCTS_DIR; };
		2C034E2E2269E1970073B457 /* AppDelegate.swift */ = {isa = PBXFileReference; lastKnownFileType = sourcecode.swift; path = AppDelegate.swift; sourceTree = "<group>"; };
		2C034E302269E1970073B457 /* ViewController.swift */ = {isa = PBXFileReference; lastKnownFileType = sourcecode.swift; path = ViewController.swift; sourceTree = "<group>"; };
		2C034E322269E1980073B457 /* Assets.xcassets */ = {isa = PBXFileReference; lastKnownFileType = folder.assetcatalog; path = Assets.xcassets; sourceTree = "<group>"; };
		2C034E352269E1980073B457 /* Base */ = {isa = PBXFileReference; lastKnownFileType = file.storyboard; name = Base; path = Base.lproj/Main.storyboard; sourceTree = "<group>"; };
		2C034E372269E1980073B457 /* Info.plist */ = {isa = PBXFileReference; lastKnownFileType = text.plist.xml; path = Info.plist; sourceTree = "<group>"; };
		2C034E382269E1980073B457 /* MacOs_JsonToDataBase.entitlements */ = {isa = PBXFileReference; lastKnownFileType = text.plist.entitlements; path = MacOs_JsonToDataBase.entitlements; sourceTree = "<group>"; };
		56225AE025D1307300A8FFA4 /* Enums.swift */ = {isa = PBXFileReference; lastKnownFileType = sourcecode.swift; path = Enums.swift; sourceTree = "<group>"; };
		F7C71AA8259A19DF00411232 /* Constants.swift */ = {isa = PBXFileReference; lastKnownFileType = sourcecode.swift; path = Constants.swift; sourceTree = "<group>"; };
/* End PBXFileReference section */

/* Begin PBXFrameworksBuildPhase section */
		2C034E282269E1970073B457 /* Frameworks */ = {
			isa = PBXFrameworksBuildPhase;
			buildActionMask = 2147483647;
			files = (
			);
			runOnlyForDeploymentPostprocessing = 0;
		};
/* End PBXFrameworksBuildPhase section */

/* Begin PBXGroup section */
		2C034E222269E1970073B457 = {
			isa = PBXGroup;
			children = (
				2C034E2D2269E1970073B457 /* MacOs_JsonToDataBase */,
				2C034E2C2269E1970073B457 /* Products */,
			);
			sourceTree = "<group>";
		};
		2C034E2C2269E1970073B457 /* Products */ = {
			isa = PBXGroup;
			children = (
				2C034E2B2269E1970073B457 /* MacOs_JsonToDataBase.app */,
			);
			name = Products;
			sourceTree = "<group>";
		};
		2C034E2D2269E1970073B457 /* MacOs_JsonToDataBase */ = {
			isa = PBXGroup;
			children = (
				2C034E2E2269E1970073B457 /* AppDelegate.swift */,
				F7C71AA8259A19DF00411232 /* Constants.swift */,
				56225AE025D1307300A8FFA4 /* Enums.swift */,
				2C034E302269E1970073B457 /* ViewController.swift */,
				2C034E322269E1980073B457 /* Assets.xcassets */,
				2C034E342269E1980073B457 /* Main.storyboard */,
				2C034E372269E1980073B457 /* Info.plist */,
				2C034E382269E1980073B457 /* MacOs_JsonToDataBase.entitlements */,
			);
			path = MacOs_JsonToDataBase;
			sourceTree = "<group>";
		};
/* End PBXGroup section */

/* Begin PBXNativeTarget section */
		2C034E2A2269E1970073B457 /* MacOs_JsonToDataBase */ = {
			isa = PBXNativeTarget;
			buildConfigurationList = 2C034E3B2269E1980073B457 /* Build configuration list for PBXNativeTarget "MacOs_JsonToDataBase" */;
			buildPhases = (
				2C034E272269E1970073B457 /* Sources */,
				2C034E282269E1970073B457 /* Frameworks */,
				2C034E292269E1970073B457 /* Resources */,
			);
			buildRules = (
			);
			dependencies = (
			);
			name = MacOs_JsonToDataBase;
			productName = MacOs_JsonToDataBase;
			productReference = 2C034E2B2269E1970073B457 /* MacOs_JsonToDataBase.app */;
			productType = "com.apple.product-type.application";
		};
/* End PBXNativeTarget section */

/* Begin PBXProject section */
		2C034E232269E1970073B457 /* Project object */ = {
			isa = PBXProject;
			attributes = {
				LastSwiftUpdateCheck = 1000;
				LastUpgradeCheck = 1130;
				ORGANIZATIONNAME = thailinh;
				TargetAttributes = {
					2C034E2A2269E1970073B457 = {
						CreatedOnToolsVersion = 10.0;
						SystemCapabilities = {
							com.apple.Sandbox = {
								enabled = 1;
							};
						};
					};
				};
			};
			buildConfigurationList = 2C034E262269E1970073B457 /* Build configuration list for PBXProject "MacOs_JsonToDataBase" */;
			compatibilityVersion = "Xcode 9.3";
			developmentRegion = en;
			hasScannedForEncodings = 0;
			knownRegions = (
				en,
				Base,
			);
			mainGroup = 2C034E222269E1970073B457;
			productRefGroup = 2C034E2C2269E1970073B457 /* Products */;
			projectDirPath = "";
			projectRoot = "";
			targets = (
				2C034E2A2269E1970073B457 /* MacOs_JsonToDataBase */,
			);
		};
/* End PBXProject section */

/* Begin PBXResourcesBuildPhase section */
		2C034E292269E1970073B457 /* Resources */ = {
			isa = PBXResourcesBuildPhase;
			buildActionMask = 2147483647;
			files = (
				2C034E332269E1980073B457 /* Assets.xcassets in Resources */,
				2C034E362269E1980073B457 /* Main.storyboard in Resources */,
			);
			runOnlyForDeploymentPostprocessing = 0;
		};
/* End PBXResourcesBuildPhase section */

/* Begin PBXSourcesBuildPhase section */
		2C034E272269E1970073B457 /* Sources */ = {
			isa = PBXSourcesBuildPhase;
			buildActionMask = 2147483647;
			files = (
				2C034E312269E1970073B457 /* ViewController.swift in Sources */,
				2C034E2F2269E1970073B457 /* AppDelegate.swift in Sources */,
				56225AE125D1307300A8FFA4 /* Enums.swift in Sources */,
				F7C71AA9259A19DF00411232 /* Constants.swift in Sources */,
			);
			runOnlyForDeploymentPostprocessing = 0;
		};
/* End PBXSourcesBuildPhase section */

/* Begin PBXVariantGroup section */
		2C034E342269E1980073B457 /* Main.storyboard */ = {
			isa = PBXVariantGroup;
			children = (
				2C034E352269E1980073B457 /* Base */,
			);
			name = Main.storyboard;
			sourceTree = "<group>";
		};
/* End PBXVariantGroup section */

/* Begin XCBuildConfiguration section */
		2C034E392269E1980073B457 /* Debug */ = {
			isa = XCBuildConfiguration;
			buildSettings = {
				ALWAYS_SEARCH_USER_PATHS = NO;
				CLANG_ANALYZER_NONNULL = YES;
				CLANG_ANALYZER_NUMBER_OBJECT_CONVERSION = YES_AGGRESSIVE;
				CLANG_CXX_LANGUAGE_STANDARD = "gnu++14";
				CLANG_CXX_LIBRARY = "libc++";
				CLANG_ENABLE_MODULES = YES;
				CLANG_ENABLE_OBJC_ARC = YES;
				CLANG_ENABLE_OBJC_WEAK = YES;
				CLANG_WARN_BLOCK_CAPTURE_AUTORELEASING = YES;
				CLANG_WARN_BOOL_CONVERSION = YES;
				CLANG_WARN_COMMA = YES;
				CLANG_WARN_CONSTANT_CONVERSION = YES;
				CLANG_WARN_DEPRECATED_OBJC_IMPLEMENTATIONS = YES;
				CLANG_WARN_DIRECT_OBJC_ISA_USAGE = YES_ERROR;
				CLANG_WARN_DOCUMENTATION_COMMENTS = YES;
				CLANG_WARN_EMPTY_BODY = YES;
				CLANG_WARN_ENUM_CONVERSION = YES;
				CLANG_WARN_INFINITE_RECURSION = YES;
				CLANG_WARN_INT_CONVERSION = YES;
				CLANG_WARN_NON_LITERAL_NULL_CONVERSION = YES;
				CLANG_WARN_OBJC_IMPLICIT_RETAIN_SELF = YES;
				CLANG_WARN_OBJC_LITERAL_CONVERSION = YES;
				CLANG_WARN_OBJC_ROOT_CLASS = YES_ERROR;
				CLANG_WARN_RANGE_LOOP_ANALYSIS = YES;
				CLANG_WARN_STRICT_PROTOTYPES = YES;
				CLANG_WARN_SUSPICIOUS_MOVE = YES;
				CLANG_WARN_UNGUARDED_AVAILABILITY = YES_AGGRESSIVE;
				CLANG_WARN_UNREACHABLE_CODE = YES;
				CLANG_WARN__DUPLICATE_METHOD_MATCH = YES;
				CODE_SIGN_IDENTITY = "-";
				COPY_PHASE_STRIP = NO;
				DEBUG_INFORMATION_FORMAT = dwarf;
				ENABLE_STRICT_OBJC_MSGSEND = YES;
				ENABLE_TESTABILITY = YES;
				GCC_C_LANGUAGE_STANDARD = gnu11;
				GCC_DYNAMIC_NO_PIC = NO;
				GCC_NO_COMMON_BLOCKS = YES;
				GCC_OPTIMIZATION_LEVEL = 0;
				GCC_PREPROCESSOR_DEFINITIONS = (
					"DEBUG=1",
					"$(inherited)",
				);
				GCC_WARN_64_TO_32_BIT_CONVERSION = YES;
				GCC_WARN_ABOUT_RETURN_TYPE = YES_ERROR;
				GCC_WARN_UNDECLARED_SELECTOR = YES;
				GCC_WARN_UNINITIALIZED_AUTOS = YES_AGGRESSIVE;
				GCC_WARN_UNUSED_FUNCTION = YES;
				GCC_WARN_UNUSED_VARIABLE = YES;
				MACOSX_DEPLOYMENT_TARGET = 10.13;
				MTL_ENABLE_DEBUG_INFO = INCLUDE_SOURCE;
				MTL_FAST_MATH = YES;
				ONLY_ACTIVE_ARCH = YES;
				SDKROOT = macosx;
				SWIFT_ACTIVE_COMPILATION_CONDITIONS = DEBUG;
				SWIFT_OPTIMIZATION_LEVEL = "-Onone";
				SWIFT_VERSION = 5.0;
			};
			name = Debug;
		};
		2C034E3A2269E1980073B457 /* Release */ = {
			isa = XCBuildConfiguration;
			buildSettings = {
				ALWAYS_SEARCH_USER_PATHS = NO;
				CLANG_ANALYZER_NONNULL = YES;
				CLANG_ANALYZER_NUMBER_OBJECT_CONVERSION = YES_AGGRESSIVE;
				CLANG_CXX_LANGUAGE_STANDARD = "gnu++14";
				CLANG_CXX_LIBRARY = "libc++";
				CLANG_ENABLE_MODULES = YES;
				CLANG_ENABLE_OBJC_ARC = YES;
				CLANG_ENABLE_OBJC_WEAK = YES;
				CLANG_WARN_BLOCK_CAPTURE_AUTORELEASING = YES;
				CLANG_WARN_BOOL_CONVERSION = YES;
				CLANG_WARN_COMMA = YES;
				CLANG_WARN_CONSTANT_CONVERSION = YES;
				CLANG_WARN_DEPRECATED_OBJC_IMPLEMENTATIONS = YES;
				CLANG_WARN_DIRECT_OBJC_ISA_USAGE = YES_ERROR;
				CLANG_WARN_DOCUMENTATION_COMMENTS = YES;
				CLANG_WARN_EMPTY_BODY = YES;
				CLANG_WARN_ENUM_CONVERSION = YES;
				CLANG_WARN_INFINITE_RECURSION = YES;
				CLANG_WARN_INT_CONVERSION = YES;
				CLANG_WARN_NON_LITERAL_NULL_CONVERSION = YES;
				CLANG_WARN_OBJC_IMPLICIT_RETAIN_SELF = YES;
				CLANG_WARN_OBJC_LITERAL_CONVERSION = YES;
				CLANG_WARN_OBJC_ROOT_CLASS = YES_ERROR;
				CLANG_WARN_RANGE_LOOP_ANALYSIS = YES;
				CLANG_WARN_STRICT_PROTOTYPES = YES;
				CLANG_WARN_SUSPICIOUS_MOVE = YES;
				CLANG_WARN_UNGUARDED_AVAILABILITY = YES_AGGRESSIVE;
				CLANG_WARN_UNREACHABLE_CODE = YES;
				CLANG_WARN__DUPLICATE_METHOD_MATCH = YES;
				CODE_SIGN_IDENTITY = "-";
				COPY_PHASE_STRIP = NO;
				DEBUG_INFORMATION_FORMAT = "dwarf-with-dsym";
				ENABLE_NS_ASSERTIONS = NO;
				ENABLE_STRICT_OBJC_MSGSEND = YES;
				GCC_C_LANGUAGE_STANDARD = gnu11;
				GCC_NO_COMMON_BLOCKS = YES;
				GCC_WARN_64_TO_32_BIT_CONVERSION = YES;
				GCC_WARN_ABOUT_RETURN_TYPE = YES_ERROR;
				GCC_WARN_UNDECLARED_SELECTOR = YES;
				GCC_WARN_UNINITIALIZED_AUTOS = YES_AGGRESSIVE;
				GCC_WARN_UNUSED_FUNCTION = YES;
				GCC_WARN_UNUSED_VARIABLE = YES;
				MACOSX_DEPLOYMENT_TARGET = 10.13;
				MTL_ENABLE_DEBUG_INFO = NO;
				MTL_FAST_MATH = YES;
				SDKROOT = macosx;
				SWIFT_COMPILATION_MODE = wholemodule;
				SWIFT_OPTIMIZATION_LEVEL = "-O";
				SWIFT_VERSION = 5.0;
			};
			name = Release;
		};
		2C034E3C2269E1980073B457 /* Debug */ = {
			isa = XCBuildConfiguration;
			buildSettings = {
				ASSETCATALOG_COMPILER_APPICON_NAME = AppIcon;
				CODE_SIGN_ENTITLEMENTS = MacOs_JsonToDataBase/MacOs_JsonToDataBase.entitlements;
				CODE_SIGN_IDENTITY = "-";
				CODE_SIGN_STYLE = Automatic;
				COMBINE_HIDPI_IMAGES = YES;
				INFOPLIST_FILE = MacOs_JsonToDataBase/Info.plist;
				LD_RUNPATH_SEARCH_PATHS = (
					"$(inherited)",
					"@executable_path/../Frameworks",
				);
				PRODUCT_BUNDLE_IDENTIFIER = "com.canthailinh.MacOs-JsonToDataBase";
				PRODUCT_NAME = "$(TARGET_NAME)";
				SWIFT_VERSION = 5.0;
			};
			name = Debug;
		};
		2C034E3D2269E1980073B457 /* Release */ = {
			isa = XCBuildConfiguration;
			buildSettings = {
				ASSETCATALOG_COMPILER_APPICON_NAME = AppIcon;
				CODE_SIGN_ENTITLEMENTS = MacOs_JsonToDataBase/MacOs_JsonToDataBase.entitlements;
				CODE_SIGN_IDENTITY = "-";
				CODE_SIGN_STYLE = Automatic;
				COMBINE_HIDPI_IMAGES = YES;
				INFOPLIST_FILE = MacOs_JsonToDataBase/Info.plist;
				LD_RUNPATH_SEARCH_PATHS = (
					"$(inherited)",
					"@executable_path/../Frameworks",
				);
				PRODUCT_BUNDLE_IDENTIFIER = "com.canthailinh.MacOs-JsonToDataBase";
				PRODUCT_NAME = "$(TARGET_NAME)";
				SWIFT_VERSION = 5.0;
			};
			name = Release;
		};
/* End XCBuildConfiguration section */

/* Begin XCConfigurationList section */
		2C034E262269E1970073B457 /* Build configuration list for PBXProject "MacOs_JsonToDataBase" */ = {
			isa = XCConfigurationList;
			buildConfigurations = (
				2C034E392269E1980073B457 /* Debug */,
				2C034E3A2269E1980073B457 /* Release */,
			);
			defaultConfigurationIsVisible = 0;
			defaultConfigurationName = Release;
		};
		2C034E3B2269E1980073B457 /* Build configuration list for PBXNativeTarget "MacOs_JsonToDataBase" */ = {
			isa = XCConfigurationList;
			buildConfigurations = (
				2C034E3C2269E1980073B457 /* Debug */,
				2C034E3D2269E1980073B457 /* Release */,
			);
			defaultConfigurationIsVisible = 0;
			defaultConfigurationName = Release;
		};
/* End XCConfigurationList section */
	};
	rootObject = 2C034E232269E1970073B457 /* Project object */;
}
